
Microsoft Visual Studio Solution File, Format Version 12.00
# Visual Studio Version 16
VisualStudioVersion = 16.0.28803.156
MinimumVisualStudioVersion = 10.0.40219.1
Project("{FAE04EC0-301F-11D3-BF4B-00C04F79EFBC}") = "std", "std\std.csproj", "{1A5F4DA8-961C-4F82-86E7-15B452E35088}"
	ProjectSection(ProjectDependencies) = postProject
		{559871ED-3C9C-427B-8D05-19257A4908E5} = {559871ED-3C9C-427B-8D05-19257A4908E5}
	EndProjectSection
EndProject
Project("{FAE04EC0-301F-11D3-BF4B-00C04F79EFBC}") = "stdblog", "stdblog\stdblog.csproj", "{559871ED-3C9C-427B-8D05-19257A4908E5}"
EndProject
Global
	GlobalSection(SolutionConfigurationPlatforms) = preSolution
		Debug|Any CPU = Debug|Any CPU
		Release|Any CPU = Release|Any CPU
	EndGlobalSection
	GlobalSection(ProjectConfigurationPlatforms) = postSolution
		{1A5F4DA8-961C-4F82-86E7-15B452E35088}.Debug|Any CPU.ActiveCfg = Debug|Any CPU
		{1A5F4DA8-961C-4F82-86E7-15B452E35088}.Debug|Any CPU.Build.0 = Debug|Any CPU
		{1A5F4DA8-961C-4F82-86E7-15B452E35088}.Release|Any CPU.ActiveCfg = Release|Any CPU
		{1A5F4DA8-961C-4F82-86E7-15B452E35088}.Release|Any CPU.Build.0 = Release|Any CPU
		{559871ED-3C9C-427B-8D05-19257A4908E5}.Debug|Any CPU.ActiveCfg = Debug|Any CPU
		{559871ED-3C9C-427B-8D05-19257A4908E5}.Debug|Any CPU.Build.0 = Debug|Any CPU
		{559871ED-3C9C-427B-8D05-19257A4908E5}.Release|Any CPU.ActiveCfg = Release|Any CPU
		{559871ED-3C9C-427B-8D05-19257A4908E5}.Release|Any CPU.Build.0 = Release|Any CPU
	EndGlobalSection
	GlobalSection(SolutionProperties) = preSolution
		HideSolutionNode = FALSE
	EndGlobalSection
	GlobalSection(ExtensibilityGlobals) = postSolution
		SolutionGuid = {4D6F0E62-11EC-4A11-99AD-E1777D3E2EDB}
	EndGlobalSection
EndGlobal
